
Microsoft Visual Studio Solution File, Format Version 12.00
# Visual Studio Version 16
VisualStudioVersion = 16.0.30204.135
MinimumVisualStudioVersion = 10.0.40219.1
Project("{9A19103F-16F7-4668-BE54-9A1E7A4F7556}") = "FastCSV", "FastCSV\FastCSV.csproj", "{2D71CE60-4B78-4E6B-AF92-97DE3A39FEDC}"
EndProject
Project("{2150E333-8FDC-42A3-9474-1A3956D46DE8}") = "Solution Items", "Solution Items", "{0B3F41C9-E6AE-431F-93BC-FA700C6A930D}"
	ProjectSection(SolutionItems) = preProject
		.editorconfig = .editorconfig
	EndProjectSection
EndProject
Project("{9A19103F-16F7-4668-BE54-9A1E7A4F7556}") = "FastCSVTests", "FastCsvTests\FastCSVTests.csproj", "{580909D2-946B-4274-9527-2FE6FCB39C8D}"
EndProject
Project("{9A19103F-16F7-4668-BE54-9A1E7A4F7556}") = "FastCSVBenchmarks", "FastCSVBenchmarks\FastCSVBenchmarks.csproj", "{28CD9515-BC2C-43A6-B5B2-8CF64A7D9027}"
EndProject
Global
	GlobalSection(SolutionConfigurationPlatforms) = preSolution
		Debug|Any CPU = Debug|Any CPU
		Release|Any CPU = Release|Any CPU
	EndGlobalSection
	GlobalSection(ProjectConfigurationPlatforms) = postSolution
		{2D71CE60-4B78-4E6B-AF92-97DE3A39FEDC}.Debug|Any CPU.ActiveCfg = Debug|Any CPU
		{2D71CE60-4B78-4E6B-AF92-97DE3A39FEDC}.Debug|Any CPU.Build.0 = Debug|Any CPU
		{2D71CE60-4B78-4E6B-AF92-97DE3A39FEDC}.Release|Any CPU.ActiveCfg = Release|Any CPU
		{2D71CE60-4B78-4E6B-AF92-97DE3A39FEDC}.Release|Any CPU.Build.0 = Release|Any CPU
		{580909D2-946B-4274-9527-2FE6FCB39C8D}.Debug|Any CPU.ActiveCfg = Debug|Any CPU
		{580909D2-946B-4274-9527-2FE6FCB39C8D}.Debug|Any CPU.Build.0 = Debug|Any CPU
		{580909D2-946B-4274-9527-2FE6FCB39C8D}.Release|Any CPU.ActiveCfg = Release|Any CPU
		{580909D2-946B-4274-9527-2FE6FCB39C8D}.Release|Any CPU.Build.0 = Release|Any CPU
		{28CD9515-BC2C-43A6-B5B2-8CF64A7D9027}.Debug|Any CPU.ActiveCfg = Debug|Any CPU
		{28CD9515-BC2C-43A6-B5B2-8CF64A7D9027}.Debug|Any CPU.Build.0 = Debug|Any CPU
		{28CD9515-BC2C-43A6-B5B2-8CF64A7D9027}.Release|Any CPU.ActiveCfg = Release|Any CPU
		{28CD9515-BC2C-43A6-B5B2-8CF64A7D9027}.Release|Any CPU.Build.0 = Release|Any CPU
	EndGlobalSection
	GlobalSection(SolutionProperties) = preSolution
		HideSolutionNode = FALSE
	EndGlobalSection
	GlobalSection(ExtensibilityGlobals) = postSolution
		SolutionGuid = {55A6BF69-B7DA-439C-8B29-02BAE12AA8E9}
	EndGlobalSection
EndGlobal
